
Microsoft Visual Studio Solution File, Format Version 12.00
# Visual Studio Version 17
VisualStudioVersion = 17.6.33829.357
MinimumVisualStudioVersion = 10.0.40219.1
Project("{2150E333-8FDC-42A3-9474-1A3956D46DE8}") = "TypeOneFoodJournal", "TypeOneFoodJournal", "{1A63AAE3-55F5-4E76-A082-0AC90C739BD1}"
EndProject
Project("{2150E333-8FDC-42A3-9474-1A3956D46DE8}") = "PlayoffPool", "PlayoffPool", "{749E0136-1487-478B-96D6-78687F8BC95B}"
	ProjectSection(SolutionItems) = preProject
		src\Amer_Playoff_Pool\Readme.md = src\Amer_Playoff_Pool\Readme.md
	EndProjectSection
EndProject
Project("{9A19103F-16F7-4668-BE54-9A1E7A4F7556}") = "AmerFamilyPlayoffs.Data", "src\Amer_Playoff_Pool\AmerFamilyPlayoffs.Data\AmerFamilyPlayoffs.Data.csproj", "{0BD65965-9809-4FCF-ADFC-8B7BBC1D38EE}"
EndProject
Project("{9A19103F-16F7-4668-BE54-9A1E7A4F7556}") = "PlayoffPool.MVC", "src\Amer_Playoff_Pool\PlayoffPool.MVC\PlayoffPool.MVC.csproj", "{ABA2C978-B265-4811-A78E-A749C37C6B1A}"
EndProject
Project("{9A19103F-16F7-4668-BE54-9A1E7A4F7556}") = "PlayoffPool.MVC.UnitTests", "src\Amer_Playoff_Pool\PlayoffPool.MVC.UnitTests\PlayoffPool.MVC.UnitTests.csproj", "{7FE775C0-8ABD-422F-87AF-D08DE2C18066}"
EndProject
Global
	GlobalSection(SolutionConfigurationPlatforms) = preSolution
		Debug|Any CPU = Debug|Any CPU
		Release|Any CPU = Release|Any CPU
	EndGlobalSection
	GlobalSection(ProjectConfigurationPlatforms) = postSolution
		{0BD65965-9809-4FCF-ADFC-8B7BBC1D38EE}.Debug|Any CPU.ActiveCfg = Debug|Any CPU
		{0BD65965-9809-4FCF-ADFC-8B7BBC1D38EE}.Debug|Any CPU.Build.0 = Debug|Any CPU
		{0BD65965-9809-4FCF-ADFC-8B7BBC1D38EE}.Release|Any CPU.ActiveCfg = Release|Any CPU
		{0BD65965-9809-4FCF-ADFC-8B7BBC1D38EE}.Release|Any CPU.Build.0 = Release|Any CPU
		{ABA2C978-B265-4811-A78E-A749C37C6B1A}.Debug|Any CPU.ActiveCfg = Debug|Any CPU
		{ABA2C978-B265-4811-A78E-A749C37C6B1A}.Debug|Any CPU.Build.0 = Debug|Any CPU
		{ABA2C978-B265-4811-A78E-A749C37C6B1A}.Release|Any CPU.ActiveCfg = Release|Any CPU
		{ABA2C978-B265-4811-A78E-A749C37C6B1A}.Release|Any CPU.Build.0 = Release|Any CPU
		{7FE775C0-8ABD-422F-87AF-D08DE2C18066}.Debug|Any CPU.ActiveCfg = Debug|Any CPU
		{7FE775C0-8ABD-422F-87AF-D08DE2C18066}.Debug|Any CPU.Build.0 = Debug|Any CPU
		{7FE775C0-8ABD-422F-87AF-D08DE2C18066}.Release|Any CPU.ActiveCfg = Release|Any CPU
		{7FE775C0-8ABD-422F-87AF-D08DE2C18066}.Release|Any CPU.Build.0 = Release|Any CPU
	EndGlobalSection
	GlobalSection(SolutionProperties) = preSolution
		HideSolutionNode = FALSE
	EndGlobalSection
	GlobalSection(NestedProjects) = preSolution
		{0BD65965-9809-4FCF-ADFC-8B7BBC1D38EE} = {749E0136-1487-478B-96D6-78687F8BC95B}
		{ABA2C978-B265-4811-A78E-A749C37C6B1A} = {749E0136-1487-478B-96D6-78687F8BC95B}
		{7FE775C0-8ABD-422F-87AF-D08DE2C18066} = {749E0136-1487-478B-96D6-78687F8BC95B}
	EndGlobalSection
	GlobalSection(ExtensibilityGlobals) = postSolution
		SolutionGuid = {FD2BF53F-21E5-47AE-8E0D-CE915FCF64EE}
	EndGlobalSection
EndGlobal
