
Microsoft Visual Studio Solution File, Format Version 12.00
# Visual Studio Version 17
VisualStudioVersion = 17.6.33829.357
MinimumVisualStudioVersion = 10.0.40219.1
Project("{2150E333-8FDC-42A3-9474-1A3956D46DE8}") = "TypeOneFoodJournal", "TypeOneFoodJournal", "{1A63AAE3-55F5-4E76-A082-0AC90C739BD1}"
EndProject
Project("{2150E333-8FDC-42A3-9474-1A3956D46DE8}") = "PlayoffPool", "PlayoffPool", "{749E0136-1487-478B-96D6-78687F8BC95B}"
	ProjectSection(SolutionItems) = preProject
		src\Amer_Playoff_Pool\Readme.md = src\Amer_Playoff_Pool\Readme.md
	EndProjectSection
EndProject
Project("{9A19103F-16F7-4668-BE54-9A1E7A4F7556}") = "AmerFamilyPlayoffs.Data", "src\Amer_Playoff_Pool\AmerFamilyPlayoffs.Data\AmerFamilyPlayoffs.Data.csproj", "{0BD65965-9809-4FCF-ADFC-8B7BBC1D38EE}"
EndProject
Project("{9A19103F-16F7-4668-BE54-9A1E7A4F7556}") = "PlayoffPool.MVC", "src\Amer_Playoff_Pool\PlayoffPool.MVC\PlayoffPool.MVC.csproj", "{ABA2C978-B265-4811-A78E-A749C37C6B1A}"
EndProject
Project("{9A19103F-16F7-4668-BE54-9A1E7A4F7556}") = "PlayoffPool.MVC.UnitTests", "src\Amer_Playoff_Pool\PlayoffPool.MVC.UnitTests\PlayoffPool.MVC.UnitTests.csproj", "{7FE775C0-8ABD-422F-87AF-D08DE2C18066}"
EndProject
Project("{9A19103F-16F7-4668-BE54-9A1E7A4F7556}") = "Business", "src\TypeOneDiabetesJournal\Business\Business.csproj", "{C8D31A73-91FB-4D72-B4D9-882B7E1E9CD5}"
EndProject
Project("{9A19103F-16F7-4668-BE54-9A1E7A4F7556}") = "Core", "src\TypeOneDiabetesJournal\Core\Core.csproj", "{EC1404CD-AC7D-4CC2-9130-D1BCBDACFB6F}"
EndProject
Project("{9A19103F-16F7-4668-BE54-9A1E7A4F7556}") = "DataLayer", "src\TypeOneDiabetesJournal\DataLayer\DataLayer.csproj", "{E07DDC34-536E-4437-BC93-6D10355DED5D}"
EndProject
Project("{9A19103F-16F7-4668-BE54-9A1E7A4F7556}") = "WebApi", "src\TypeOneDiabetesJournal\WebApi\WebApi.csproj", "{D6877DF4-505E-4773-B348-952974AF8684}"
EndProject
Project("{9A19103F-16F7-4668-BE54-9A1E7A4F7556}") = "Services", "src\TypeOneDiabetesJournal\Services\Services.csproj", "{FCFCDAB2-B3CE-4B4A-9C64-7BDD65933FCC}"
EndProject
Project("{9A19103F-16F7-4668-BE54-9A1E7A4F7556}") = "Services.EfCore", "src\TypeOneDiabetesJournal\Services.EfCore\Services.EfCore.csproj", "{F488E73F-3040-4AEB-B4B8-FAEAD22B67AA}"
EndProject
Project("{9A19103F-16F7-4668-BE54-9A1E7A4F7556}") = "Services.External", "src\TypeOneDiabetesJournal\Services.External\Services.External.csproj", "{2FA8864B-A16B-409E-98EB-94E6A69EF6AE}"
EndProject
Project("{9A19103F-16F7-4668-BE54-9A1E7A4F7556}") = "Extensions", "src\TypeOneDiabetesJournal\Extensions\Extensions.csproj", "{25003365-55DE-445A-B68F-62EC3295D798}"
EndProject
Project("{9A19103F-16F7-4668-BE54-9A1E7A4F7556}") = "FoodJournal.UI", "src\TypeOneDiabetesJournal\FoodJournal.UI\FoodJournal.UI.csproj", "{1983BE66-7CA1-46DA-9275-C09DDE676A91}"
EndProject
Global
	GlobalSection(SolutionConfigurationPlatforms) = preSolution
		Debug|Any CPU = Debug|Any CPU
		Release|Any CPU = Release|Any CPU
	EndGlobalSection
	GlobalSection(ProjectConfigurationPlatforms) = postSolution
		{0BD65965-9809-4FCF-ADFC-8B7BBC1D38EE}.Debug|Any CPU.ActiveCfg = Debug|Any CPU
		{0BD65965-9809-4FCF-ADFC-8B7BBC1D38EE}.Debug|Any CPU.Build.0 = Debug|Any CPU
		{0BD65965-9809-4FCF-ADFC-8B7BBC1D38EE}.Release|Any CPU.ActiveCfg = Release|Any CPU
		{0BD65965-9809-4FCF-ADFC-8B7BBC1D38EE}.Release|Any CPU.Build.0 = Release|Any CPU
		{ABA2C978-B265-4811-A78E-A749C37C6B1A}.Debug|Any CPU.ActiveCfg = Debug|Any CPU
		{ABA2C978-B265-4811-A78E-A749C37C6B1A}.Debug|Any CPU.Build.0 = Debug|Any CPU
		{ABA2C978-B265-4811-A78E-A749C37C6B1A}.Release|Any CPU.ActiveCfg = Release|Any CPU
		{ABA2C978-B265-4811-A78E-A749C37C6B1A}.Release|Any CPU.Build.0 = Release|Any CPU
		{7FE775C0-8ABD-422F-87AF-D08DE2C18066}.Debug|Any CPU.ActiveCfg = Debug|Any CPU
		{7FE775C0-8ABD-422F-87AF-D08DE2C18066}.Debug|Any CPU.Build.0 = Debug|Any CPU
		{7FE775C0-8ABD-422F-87AF-D08DE2C18066}.Release|Any CPU.ActiveCfg = Release|Any CPU
		{7FE775C0-8ABD-422F-87AF-D08DE2C18066}.Release|Any CPU.Build.0 = Release|Any CPU
		{C8D31A73-91FB-4D72-B4D9-882B7E1E9CD5}.Debug|Any CPU.ActiveCfg = Debug|Any CPU
		{C8D31A73-91FB-4D72-B4D9-882B7E1E9CD5}.Debug|Any CPU.Build.0 = Debug|Any CPU
		{C8D31A73-91FB-4D72-B4D9-882B7E1E9CD5}.Release|Any CPU.ActiveCfg = Release|Any CPU
		{C8D31A73-91FB-4D72-B4D9-882B7E1E9CD5}.Release|Any CPU.Build.0 = Release|Any CPU
		{EC1404CD-AC7D-4CC2-9130-D1BCBDACFB6F}.Debug|Any CPU.ActiveCfg = Debug|Any CPU
		{EC1404CD-AC7D-4CC2-9130-D1BCBDACFB6F}.Debug|Any CPU.Build.0 = Debug|Any CPU
		{EC1404CD-AC7D-4CC2-9130-D1BCBDACFB6F}.Release|Any CPU.ActiveCfg = Release|Any CPU
		{EC1404CD-AC7D-4CC2-9130-D1BCBDACFB6F}.Release|Any CPU.Build.0 = Release|Any CPU
		{E07DDC34-536E-4437-BC93-6D10355DED5D}.Debug|Any CPU.ActiveCfg = Debug|Any CPU
		{E07DDC34-536E-4437-BC93-6D10355DED5D}.Debug|Any CPU.Build.0 = Debug|Any CPU
		{E07DDC34-536E-4437-BC93-6D10355DED5D}.Release|Any CPU.ActiveCfg = Release|Any CPU
		{E07DDC34-536E-4437-BC93-6D10355DED5D}.Release|Any CPU.Build.0 = Release|Any CPU
		{D6877DF4-505E-4773-B348-952974AF8684}.Debug|Any CPU.ActiveCfg = Debug|Any CPU
		{D6877DF4-505E-4773-B348-952974AF8684}.Debug|Any CPU.Build.0 = Debug|Any CPU
		{D6877DF4-505E-4773-B348-952974AF8684}.Release|Any CPU.ActiveCfg = Release|Any CPU
		{D6877DF4-505E-4773-B348-952974AF8684}.Release|Any CPU.Build.0 = Release|Any CPU
		{FCFCDAB2-B3CE-4B4A-9C64-7BDD65933FCC}.Debug|Any CPU.ActiveCfg = Debug|Any CPU
		{FCFCDAB2-B3CE-4B4A-9C64-7BDD65933FCC}.Debug|Any CPU.Build.0 = Debug|Any CPU
		{FCFCDAB2-B3CE-4B4A-9C64-7BDD65933FCC}.Release|Any CPU.ActiveCfg = Release|Any CPU
		{FCFCDAB2-B3CE-4B4A-9C64-7BDD65933FCC}.Release|Any CPU.Build.0 = Release|Any CPU
		{F488E73F-3040-4AEB-B4B8-FAEAD22B67AA}.Debug|Any CPU.ActiveCfg = Debug|Any CPU
		{F488E73F-3040-4AEB-B4B8-FAEAD22B67AA}.Debug|Any CPU.Build.0 = Debug|Any CPU
		{F488E73F-3040-4AEB-B4B8-FAEAD22B67AA}.Release|Any CPU.ActiveCfg = Release|Any CPU
		{F488E73F-3040-4AEB-B4B8-FAEAD22B67AA}.Release|Any CPU.Build.0 = Release|Any CPU
		{2FA8864B-A16B-409E-98EB-94E6A69EF6AE}.Debug|Any CPU.ActiveCfg = Debug|Any CPU
		{2FA8864B-A16B-409E-98EB-94E6A69EF6AE}.Debug|Any CPU.Build.0 = Debug|Any CPU
		{2FA8864B-A16B-409E-98EB-94E6A69EF6AE}.Release|Any CPU.ActiveCfg = Release|Any CPU
		{2FA8864B-A16B-409E-98EB-94E6A69EF6AE}.Release|Any CPU.Build.0 = Release|Any CPU
		{25003365-55DE-445A-B68F-62EC3295D798}.Debug|Any CPU.ActiveCfg = Debug|Any CPU
		{25003365-55DE-445A-B68F-62EC3295D798}.Debug|Any CPU.Build.0 = Debug|Any CPU
		{25003365-55DE-445A-B68F-62EC3295D798}.Release|Any CPU.ActiveCfg = Release|Any CPU
		{25003365-55DE-445A-B68F-62EC3295D798}.Release|Any CPU.Build.0 = Release|Any CPU
		{1983BE66-7CA1-46DA-9275-C09DDE676A91}.Debug|Any CPU.ActiveCfg = Debug|Any CPU
		{1983BE66-7CA1-46DA-9275-C09DDE676A91}.Debug|Any CPU.Build.0 = Debug|Any CPU
		{1983BE66-7CA1-46DA-9275-C09DDE676A91}.Debug|Any CPU.Deploy.0 = Debug|Any CPU
		{1983BE66-7CA1-46DA-9275-C09DDE676A91}.Release|Any CPU.ActiveCfg = Release|Any CPU
		{1983BE66-7CA1-46DA-9275-C09DDE676A91}.Release|Any CPU.Build.0 = Release|Any CPU
		{1983BE66-7CA1-46DA-9275-C09DDE676A91}.Release|Any CPU.Deploy.0 = Release|Any CPU
	EndGlobalSection
	GlobalSection(SolutionProperties) = preSolution
		HideSolutionNode = FALSE
	EndGlobalSection
	GlobalSection(NestedProjects) = preSolution
		{0BD65965-9809-4FCF-ADFC-8B7BBC1D38EE} = {749E0136-1487-478B-96D6-78687F8BC95B}
		{ABA2C978-B265-4811-A78E-A749C37C6B1A} = {749E0136-1487-478B-96D6-78687F8BC95B}
		{7FE775C0-8ABD-422F-87AF-D08DE2C18066} = {749E0136-1487-478B-96D6-78687F8BC95B}
		{C8D31A73-91FB-4D72-B4D9-882B7E1E9CD5} = {1A63AAE3-55F5-4E76-A082-0AC90C739BD1}
		{EC1404CD-AC7D-4CC2-9130-D1BCBDACFB6F} = {1A63AAE3-55F5-4E76-A082-0AC90C739BD1}
		{E07DDC34-536E-4437-BC93-6D10355DED5D} = {1A63AAE3-55F5-4E76-A082-0AC90C739BD1}
		{D6877DF4-505E-4773-B348-952974AF8684} = {1A63AAE3-55F5-4E76-A082-0AC90C739BD1}
		{FCFCDAB2-B3CE-4B4A-9C64-7BDD65933FCC} = {1A63AAE3-55F5-4E76-A082-0AC90C739BD1}
		{F488E73F-3040-4AEB-B4B8-FAEAD22B67AA} = {1A63AAE3-55F5-4E76-A082-0AC90C739BD1}
		{2FA8864B-A16B-409E-98EB-94E6A69EF6AE} = {1A63AAE3-55F5-4E76-A082-0AC90C739BD1}
		{25003365-55DE-445A-B68F-62EC3295D798} = {1A63AAE3-55F5-4E76-A082-0AC90C739BD1}
		{1983BE66-7CA1-46DA-9275-C09DDE676A91} = {1A63AAE3-55F5-4E76-A082-0AC90C739BD1}
	EndGlobalSection
	GlobalSection(ExtensibilityGlobals) = postSolution
		SolutionGuid = {FD2BF53F-21E5-47AE-8E0D-CE915FCF64EE}
	EndGlobalSection
EndGlobal
