
Microsoft Visual Studio Solution File, Format Version 12.00
# Visual Studio Version 16
VisualStudioVersion = 16.0.29521.150
MinimumVisualStudioVersion = 10.0.40219.1
Project("{FAE04EC0-301F-11D3-BF4B-00C04F79EFBC}") = "DiabetesFoodJournal.Android", "DiabetesFoodJournal\DiabetesFoodJournal.Android\DiabetesFoodJournal.Android.csproj", "{3DAC6E43-62FE-466E-9E0A-6AC45837761D}"
EndProject
Project("{FAE04EC0-301F-11D3-BF4B-00C04F79EFBC}") = "DiabetesFoodJournal.iOS", "DiabetesFoodJournal\DiabetesFoodJournal.iOS\DiabetesFoodJournal.iOS.csproj", "{7107E72A-D25B-41E6-8ED4-94D7B876E22A}"
EndProject
Project("{9A19103F-16F7-4668-BE54-9A1E7A4F7556}") = "DiabetesFoodJournal", "DiabetesFoodJournal\DiabetesFoodJournal\DiabetesFoodJournal.csproj", "{C471A7F4-8061-4231-B733-84F667222D78}"
EndProject
Project("{9A19103F-16F7-4668-BE54-9A1E7A4F7556}") = "XamarinHelper.Core", "XamarinHelper.Core\XamarinHelper.Core.csproj", "{CB61AE06-06F6-46F1-8CD9-75D2E405CF76}"
EndProject
Project("{9A19103F-16F7-4668-BE54-9A1E7A4F7556}") = "DiabetesFoodJournal.Data", "DiabetesFoodJournal.Data\DiabetesFoodJournal.Data.csproj", "{BAF3A021-0793-4D39-AF26-2A83EEC8011C}"
EndProject
Project("{9A19103F-16F7-4668-BE54-9A1E7A4F7556}") = "DiabetesFoodJournal.Entities", "DiabetesFoodJournal.Entities\DiabetesFoodJournal.Entities.csproj", "{A437E35E-E80A-4DEA-80CA-6C39092515A1}"
EndProject
Project("{9A19103F-16F7-4668-BE54-9A1E7A4F7556}") = "DiabetesFoodJournal.UnitTests", "DiabetesFoodJournal.UnitTests\DiabetesFoodJournal.UnitTests.csproj", "{433E89C8-07D5-4FFB-B36E-BAEC3F0C4CF9}"
EndProject
Project("{FAE04EC0-301F-11D3-BF4B-00C04F79EFBC}") = "FJA_Pool.Data", "FJA_Pool.Data\FJA_Pool.Data.csproj", "{119EBDAD-B6AE-4DB0-917D-DD5C2FD7B3B6}"
EndProject
Project("{FAE04EC0-301F-11D3-BF4B-00C04F79EFBC}") = "FJA_Pool.Entities", "FJA_Pool.Entities\FJA_Pool.Entities.csproj", "{B7F1DF32-3682-443C-A403-D645E1997E46}"
EndProject
Project("{2150E333-8FDC-42A3-9474-1A3956D46DE8}") = "TypeOneFoodJournal", "TypeOneFoodJournal", "{1A63AAE3-55F5-4E76-A082-0AC90C739BD1}"
EndProject
Project("{9A19103F-16F7-4668-BE54-9A1E7A4F7556}") = "TypeOneFoodJournal.Data", "TypeOneFoodJournal\TypeOneFoodJournal.Data\TypeOneFoodJournal.Data.csproj", "{7E283137-8285-4F5D-88A3-D4BB9A6997C3}"
EndProject
Project("{9A19103F-16F7-4668-BE54-9A1E7A4F7556}") = "TypeOneFoodJournal.Entities", "TypeOneFoodJournal\TypeOneFoodJournal.Entities\TypeOneFoodJournal.Entities.csproj", "{DEE5DD6B-CFD6-44ED-BB94-7812C7E2957E}"
EndProject
Project("{9A19103F-16F7-4668-BE54-9A1E7A4F7556}") = "TypeOneFoodJournal.Services", "TypeOneFoodJournal\TypeOneFoodJournal.Services\TypeOneFoodJournal.Services.csproj", "{E486C5F2-D7C8-40D4-9602-49DB3A026782}"
EndProject
Project("{9A19103F-16F7-4668-BE54-9A1E7A4F7556}") = "TypeOneFoodJournal.Models", "TypeOneFoodJournal\TypeOneFoodJournal.Models\TypeOneFoodJournal.Models.csproj", "{682B8E05-FC34-47C8-8190-47A168DDCD38}"
EndProject
Global
	GlobalSection(SolutionConfigurationPlatforms) = preSolution
		Debug|Any CPU = Debug|Any CPU
		Debug|iPhone = Debug|iPhone
		Debug|iPhoneSimulator = Debug|iPhoneSimulator
		Release|Any CPU = Release|Any CPU
		Release|iPhone = Release|iPhone
		Release|iPhoneSimulator = Release|iPhoneSimulator
	EndGlobalSection
	GlobalSection(ProjectConfigurationPlatforms) = postSolution
		{3DAC6E43-62FE-466E-9E0A-6AC45837761D}.Debug|Any CPU.ActiveCfg = Debug|Any CPU
		{3DAC6E43-62FE-466E-9E0A-6AC45837761D}.Debug|Any CPU.Build.0 = Debug|Any CPU
		{3DAC6E43-62FE-466E-9E0A-6AC45837761D}.Debug|Any CPU.Deploy.0 = Debug|Any CPU
		{3DAC6E43-62FE-466E-9E0A-6AC45837761D}.Debug|iPhone.ActiveCfg = Debug|Any CPU
		{3DAC6E43-62FE-466E-9E0A-6AC45837761D}.Debug|iPhone.Build.0 = Debug|Any CPU
		{3DAC6E43-62FE-466E-9E0A-6AC45837761D}.Debug|iPhone.Deploy.0 = Debug|Any CPU
		{3DAC6E43-62FE-466E-9E0A-6AC45837761D}.Debug|iPhoneSimulator.ActiveCfg = Debug|Any CPU
		{3DAC6E43-62FE-466E-9E0A-6AC45837761D}.Debug|iPhoneSimulator.Build.0 = Debug|Any CPU
		{3DAC6E43-62FE-466E-9E0A-6AC45837761D}.Debug|iPhoneSimulator.Deploy.0 = Debug|Any CPU
		{3DAC6E43-62FE-466E-9E0A-6AC45837761D}.Release|Any CPU.ActiveCfg = Release|Any CPU
		{3DAC6E43-62FE-466E-9E0A-6AC45837761D}.Release|Any CPU.Build.0 = Release|Any CPU
		{3DAC6E43-62FE-466E-9E0A-6AC45837761D}.Release|Any CPU.Deploy.0 = Release|Any CPU
		{3DAC6E43-62FE-466E-9E0A-6AC45837761D}.Release|iPhone.ActiveCfg = Release|Any CPU
		{3DAC6E43-62FE-466E-9E0A-6AC45837761D}.Release|iPhone.Build.0 = Release|Any CPU
		{3DAC6E43-62FE-466E-9E0A-6AC45837761D}.Release|iPhone.Deploy.0 = Release|Any CPU
		{3DAC6E43-62FE-466E-9E0A-6AC45837761D}.Release|iPhoneSimulator.ActiveCfg = Release|Any CPU
		{3DAC6E43-62FE-466E-9E0A-6AC45837761D}.Release|iPhoneSimulator.Build.0 = Release|Any CPU
		{3DAC6E43-62FE-466E-9E0A-6AC45837761D}.Release|iPhoneSimulator.Deploy.0 = Release|Any CPU
		{7107E72A-D25B-41E6-8ED4-94D7B876E22A}.Debug|Any CPU.ActiveCfg = Debug|iPhone
		{7107E72A-D25B-41E6-8ED4-94D7B876E22A}.Debug|iPhone.ActiveCfg = Debug|iPhone
		{7107E72A-D25B-41E6-8ED4-94D7B876E22A}.Debug|iPhone.Build.0 = Debug|iPhone
		{7107E72A-D25B-41E6-8ED4-94D7B876E22A}.Debug|iPhoneSimulator.ActiveCfg = Debug|iPhoneSimulator
		{7107E72A-D25B-41E6-8ED4-94D7B876E22A}.Debug|iPhoneSimulator.Build.0 = Debug|iPhoneSimulator
		{7107E72A-D25B-41E6-8ED4-94D7B876E22A}.Release|Any CPU.ActiveCfg = Release|iPhone
		{7107E72A-D25B-41E6-8ED4-94D7B876E22A}.Release|iPhone.ActiveCfg = Release|iPhone
		{7107E72A-D25B-41E6-8ED4-94D7B876E22A}.Release|iPhone.Build.0 = Release|iPhone
		{7107E72A-D25B-41E6-8ED4-94D7B876E22A}.Release|iPhoneSimulator.ActiveCfg = Release|iPhoneSimulator
		{7107E72A-D25B-41E6-8ED4-94D7B876E22A}.Release|iPhoneSimulator.Build.0 = Release|iPhoneSimulator
		{C471A7F4-8061-4231-B733-84F667222D78}.Debug|Any CPU.ActiveCfg = Debug|Any CPU
		{C471A7F4-8061-4231-B733-84F667222D78}.Debug|Any CPU.Build.0 = Debug|Any CPU
		{C471A7F4-8061-4231-B733-84F667222D78}.Debug|iPhone.ActiveCfg = Debug|Any CPU
		{C471A7F4-8061-4231-B733-84F667222D78}.Debug|iPhone.Build.0 = Debug|Any CPU
		{C471A7F4-8061-4231-B733-84F667222D78}.Debug|iPhoneSimulator.ActiveCfg = Debug|Any CPU
		{C471A7F4-8061-4231-B733-84F667222D78}.Debug|iPhoneSimulator.Build.0 = Debug|Any CPU
		{C471A7F4-8061-4231-B733-84F667222D78}.Release|Any CPU.ActiveCfg = Release|Any CPU
		{C471A7F4-8061-4231-B733-84F667222D78}.Release|Any CPU.Build.0 = Release|Any CPU
		{C471A7F4-8061-4231-B733-84F667222D78}.Release|iPhone.ActiveCfg = Release|Any CPU
		{C471A7F4-8061-4231-B733-84F667222D78}.Release|iPhone.Build.0 = Release|Any CPU
		{C471A7F4-8061-4231-B733-84F667222D78}.Release|iPhoneSimulator.ActiveCfg = Release|Any CPU
		{C471A7F4-8061-4231-B733-84F667222D78}.Release|iPhoneSimulator.Build.0 = Release|Any CPU
		{CB61AE06-06F6-46F1-8CD9-75D2E405CF76}.Debug|Any CPU.ActiveCfg = Debug|Any CPU
		{CB61AE06-06F6-46F1-8CD9-75D2E405CF76}.Debug|Any CPU.Build.0 = Debug|Any CPU
		{CB61AE06-06F6-46F1-8CD9-75D2E405CF76}.Debug|iPhone.ActiveCfg = Debug|Any CPU
		{CB61AE06-06F6-46F1-8CD9-75D2E405CF76}.Debug|iPhone.Build.0 = Debug|Any CPU
		{CB61AE06-06F6-46F1-8CD9-75D2E405CF76}.Debug|iPhoneSimulator.ActiveCfg = Debug|Any CPU
		{CB61AE06-06F6-46F1-8CD9-75D2E405CF76}.Debug|iPhoneSimulator.Build.0 = Debug|Any CPU
		{CB61AE06-06F6-46F1-8CD9-75D2E405CF76}.Release|Any CPU.ActiveCfg = Release|Any CPU
		{CB61AE06-06F6-46F1-8CD9-75D2E405CF76}.Release|Any CPU.Build.0 = Release|Any CPU
		{CB61AE06-06F6-46F1-8CD9-75D2E405CF76}.Release|iPhone.ActiveCfg = Release|Any CPU
		{CB61AE06-06F6-46F1-8CD9-75D2E405CF76}.Release|iPhone.Build.0 = Release|Any CPU
		{CB61AE06-06F6-46F1-8CD9-75D2E405CF76}.Release|iPhoneSimulator.ActiveCfg = Release|Any CPU
		{CB61AE06-06F6-46F1-8CD9-75D2E405CF76}.Release|iPhoneSimulator.Build.0 = Release|Any CPU
		{BAF3A021-0793-4D39-AF26-2A83EEC8011C}.Debug|Any CPU.ActiveCfg = Debug|Any CPU
		{BAF3A021-0793-4D39-AF26-2A83EEC8011C}.Debug|Any CPU.Build.0 = Debug|Any CPU
		{BAF3A021-0793-4D39-AF26-2A83EEC8011C}.Debug|iPhone.ActiveCfg = Debug|Any CPU
		{BAF3A021-0793-4D39-AF26-2A83EEC8011C}.Debug|iPhone.Build.0 = Debug|Any CPU
		{BAF3A021-0793-4D39-AF26-2A83EEC8011C}.Debug|iPhoneSimulator.ActiveCfg = Debug|Any CPU
		{BAF3A021-0793-4D39-AF26-2A83EEC8011C}.Debug|iPhoneSimulator.Build.0 = Debug|Any CPU
		{BAF3A021-0793-4D39-AF26-2A83EEC8011C}.Release|Any CPU.ActiveCfg = Release|Any CPU
		{BAF3A021-0793-4D39-AF26-2A83EEC8011C}.Release|Any CPU.Build.0 = Release|Any CPU
		{BAF3A021-0793-4D39-AF26-2A83EEC8011C}.Release|iPhone.ActiveCfg = Release|Any CPU
		{BAF3A021-0793-4D39-AF26-2A83EEC8011C}.Release|iPhone.Build.0 = Release|Any CPU
		{BAF3A021-0793-4D39-AF26-2A83EEC8011C}.Release|iPhoneSimulator.ActiveCfg = Release|Any CPU
		{BAF3A021-0793-4D39-AF26-2A83EEC8011C}.Release|iPhoneSimulator.Build.0 = Release|Any CPU
		{A437E35E-E80A-4DEA-80CA-6C39092515A1}.Debug|Any CPU.ActiveCfg = Debug|Any CPU
		{A437E35E-E80A-4DEA-80CA-6C39092515A1}.Debug|Any CPU.Build.0 = Debug|Any CPU
		{A437E35E-E80A-4DEA-80CA-6C39092515A1}.Debug|iPhone.ActiveCfg = Debug|Any CPU
		{A437E35E-E80A-4DEA-80CA-6C39092515A1}.Debug|iPhone.Build.0 = Debug|Any CPU
		{A437E35E-E80A-4DEA-80CA-6C39092515A1}.Debug|iPhoneSimulator.ActiveCfg = Debug|Any CPU
		{A437E35E-E80A-4DEA-80CA-6C39092515A1}.Debug|iPhoneSimulator.Build.0 = Debug|Any CPU
		{A437E35E-E80A-4DEA-80CA-6C39092515A1}.Release|Any CPU.ActiveCfg = Release|Any CPU
		{A437E35E-E80A-4DEA-80CA-6C39092515A1}.Release|Any CPU.Build.0 = Release|Any CPU
		{A437E35E-E80A-4DEA-80CA-6C39092515A1}.Release|iPhone.ActiveCfg = Release|Any CPU
		{A437E35E-E80A-4DEA-80CA-6C39092515A1}.Release|iPhone.Build.0 = Release|Any CPU
		{A437E35E-E80A-4DEA-80CA-6C39092515A1}.Release|iPhoneSimulator.ActiveCfg = Release|Any CPU
		{A437E35E-E80A-4DEA-80CA-6C39092515A1}.Release|iPhoneSimulator.Build.0 = Release|Any CPU
		{433E89C8-07D5-4FFB-B36E-BAEC3F0C4CF9}.Debug|Any CPU.ActiveCfg = Debug|Any CPU
		{433E89C8-07D5-4FFB-B36E-BAEC3F0C4CF9}.Debug|Any CPU.Build.0 = Debug|Any CPU
		{433E89C8-07D5-4FFB-B36E-BAEC3F0C4CF9}.Debug|iPhone.ActiveCfg = Debug|Any CPU
		{433E89C8-07D5-4FFB-B36E-BAEC3F0C4CF9}.Debug|iPhone.Build.0 = Debug|Any CPU
		{433E89C8-07D5-4FFB-B36E-BAEC3F0C4CF9}.Debug|iPhoneSimulator.ActiveCfg = Debug|Any CPU
		{433E89C8-07D5-4FFB-B36E-BAEC3F0C4CF9}.Debug|iPhoneSimulator.Build.0 = Debug|Any CPU
		{433E89C8-07D5-4FFB-B36E-BAEC3F0C4CF9}.Release|Any CPU.ActiveCfg = Release|Any CPU
		{433E89C8-07D5-4FFB-B36E-BAEC3F0C4CF9}.Release|Any CPU.Build.0 = Release|Any CPU
		{433E89C8-07D5-4FFB-B36E-BAEC3F0C4CF9}.Release|iPhone.ActiveCfg = Release|Any CPU
		{433E89C8-07D5-4FFB-B36E-BAEC3F0C4CF9}.Release|iPhone.Build.0 = Release|Any CPU
		{433E89C8-07D5-4FFB-B36E-BAEC3F0C4CF9}.Release|iPhoneSimulator.ActiveCfg = Release|Any CPU
		{433E89C8-07D5-4FFB-B36E-BAEC3F0C4CF9}.Release|iPhoneSimulator.Build.0 = Release|Any CPU
		{119EBDAD-B6AE-4DB0-917D-DD5C2FD7B3B6}.Debug|Any CPU.ActiveCfg = Debug|Any CPU
		{119EBDAD-B6AE-4DB0-917D-DD5C2FD7B3B6}.Debug|Any CPU.Build.0 = Debug|Any CPU
		{119EBDAD-B6AE-4DB0-917D-DD5C2FD7B3B6}.Debug|iPhone.ActiveCfg = Debug|Any CPU
		{119EBDAD-B6AE-4DB0-917D-DD5C2FD7B3B6}.Debug|iPhone.Build.0 = Debug|Any CPU
		{119EBDAD-B6AE-4DB0-917D-DD5C2FD7B3B6}.Debug|iPhoneSimulator.ActiveCfg = Debug|Any CPU
		{119EBDAD-B6AE-4DB0-917D-DD5C2FD7B3B6}.Debug|iPhoneSimulator.Build.0 = Debug|Any CPU
		{119EBDAD-B6AE-4DB0-917D-DD5C2FD7B3B6}.Release|Any CPU.ActiveCfg = Release|Any CPU
		{119EBDAD-B6AE-4DB0-917D-DD5C2FD7B3B6}.Release|Any CPU.Build.0 = Release|Any CPU
		{119EBDAD-B6AE-4DB0-917D-DD5C2FD7B3B6}.Release|iPhone.ActiveCfg = Release|Any CPU
		{119EBDAD-B6AE-4DB0-917D-DD5C2FD7B3B6}.Release|iPhone.Build.0 = Release|Any CPU
		{119EBDAD-B6AE-4DB0-917D-DD5C2FD7B3B6}.Release|iPhoneSimulator.ActiveCfg = Release|Any CPU
		{119EBDAD-B6AE-4DB0-917D-DD5C2FD7B3B6}.Release|iPhoneSimulator.Build.0 = Release|Any CPU
		{B7F1DF32-3682-443C-A403-D645E1997E46}.Debug|Any CPU.ActiveCfg = Debug|Any CPU
		{B7F1DF32-3682-443C-A403-D645E1997E46}.Debug|Any CPU.Build.0 = Debug|Any CPU
		{B7F1DF32-3682-443C-A403-D645E1997E46}.Debug|iPhone.ActiveCfg = Debug|Any CPU
		{B7F1DF32-3682-443C-A403-D645E1997E46}.Debug|iPhone.Build.0 = Debug|Any CPU
		{B7F1DF32-3682-443C-A403-D645E1997E46}.Debug|iPhoneSimulator.ActiveCfg = Debug|Any CPU
		{B7F1DF32-3682-443C-A403-D645E1997E46}.Debug|iPhoneSimulator.Build.0 = Debug|Any CPU
		{B7F1DF32-3682-443C-A403-D645E1997E46}.Release|Any CPU.ActiveCfg = Release|Any CPU
		{B7F1DF32-3682-443C-A403-D645E1997E46}.Release|Any CPU.Build.0 = Release|Any CPU
		{B7F1DF32-3682-443C-A403-D645E1997E46}.Release|iPhone.ActiveCfg = Release|Any CPU
		{B7F1DF32-3682-443C-A403-D645E1997E46}.Release|iPhone.Build.0 = Release|Any CPU
		{B7F1DF32-3682-443C-A403-D645E1997E46}.Release|iPhoneSimulator.ActiveCfg = Release|Any CPU
		{B7F1DF32-3682-443C-A403-D645E1997E46}.Release|iPhoneSimulator.Build.0 = Release|Any CPU
		{7E283137-8285-4F5D-88A3-D4BB9A6997C3}.Debug|Any CPU.ActiveCfg = Debug|Any CPU
		{7E283137-8285-4F5D-88A3-D4BB9A6997C3}.Debug|Any CPU.Build.0 = Debug|Any CPU
		{7E283137-8285-4F5D-88A3-D4BB9A6997C3}.Debug|iPhone.ActiveCfg = Debug|Any CPU
		{7E283137-8285-4F5D-88A3-D4BB9A6997C3}.Debug|iPhone.Build.0 = Debug|Any CPU
		{7E283137-8285-4F5D-88A3-D4BB9A6997C3}.Debug|iPhoneSimulator.ActiveCfg = Debug|Any CPU
		{7E283137-8285-4F5D-88A3-D4BB9A6997C3}.Debug|iPhoneSimulator.Build.0 = Debug|Any CPU
		{7E283137-8285-4F5D-88A3-D4BB9A6997C3}.Release|Any CPU.ActiveCfg = Release|Any CPU
		{7E283137-8285-4F5D-88A3-D4BB9A6997C3}.Release|Any CPU.Build.0 = Release|Any CPU
		{7E283137-8285-4F5D-88A3-D4BB9A6997C3}.Release|iPhone.ActiveCfg = Release|Any CPU
		{7E283137-8285-4F5D-88A3-D4BB9A6997C3}.Release|iPhone.Build.0 = Release|Any CPU
		{7E283137-8285-4F5D-88A3-D4BB9A6997C3}.Release|iPhoneSimulator.ActiveCfg = Release|Any CPU
		{7E283137-8285-4F5D-88A3-D4BB9A6997C3}.Release|iPhoneSimulator.Build.0 = Release|Any CPU
		{DEE5DD6B-CFD6-44ED-BB94-7812C7E2957E}.Debug|Any CPU.ActiveCfg = Debug|Any CPU
		{DEE5DD6B-CFD6-44ED-BB94-7812C7E2957E}.Debug|Any CPU.Build.0 = Debug|Any CPU
		{DEE5DD6B-CFD6-44ED-BB94-7812C7E2957E}.Debug|iPhone.ActiveCfg = Debug|Any CPU
		{DEE5DD6B-CFD6-44ED-BB94-7812C7E2957E}.Debug|iPhone.Build.0 = Debug|Any CPU
		{DEE5DD6B-CFD6-44ED-BB94-7812C7E2957E}.Debug|iPhoneSimulator.ActiveCfg = Debug|Any CPU
		{DEE5DD6B-CFD6-44ED-BB94-7812C7E2957E}.Debug|iPhoneSimulator.Build.0 = Debug|Any CPU
		{DEE5DD6B-CFD6-44ED-BB94-7812C7E2957E}.Release|Any CPU.ActiveCfg = Release|Any CPU
		{DEE5DD6B-CFD6-44ED-BB94-7812C7E2957E}.Release|Any CPU.Build.0 = Release|Any CPU
		{DEE5DD6B-CFD6-44ED-BB94-7812C7E2957E}.Release|iPhone.ActiveCfg = Release|Any CPU
		{DEE5DD6B-CFD6-44ED-BB94-7812C7E2957E}.Release|iPhone.Build.0 = Release|Any CPU
		{DEE5DD6B-CFD6-44ED-BB94-7812C7E2957E}.Release|iPhoneSimulator.ActiveCfg = Release|Any CPU
		{DEE5DD6B-CFD6-44ED-BB94-7812C7E2957E}.Release|iPhoneSimulator.Build.0 = Release|Any CPU
		{E486C5F2-D7C8-40D4-9602-49DB3A026782}.Debug|Any CPU.ActiveCfg = Debug|Any CPU
		{E486C5F2-D7C8-40D4-9602-49DB3A026782}.Debug|Any CPU.Build.0 = Debug|Any CPU
		{E486C5F2-D7C8-40D4-9602-49DB3A026782}.Debug|iPhone.ActiveCfg = Debug|Any CPU
		{E486C5F2-D7C8-40D4-9602-49DB3A026782}.Debug|iPhone.Build.0 = Debug|Any CPU
		{E486C5F2-D7C8-40D4-9602-49DB3A026782}.Debug|iPhoneSimulator.ActiveCfg = Debug|Any CPU
		{E486C5F2-D7C8-40D4-9602-49DB3A026782}.Debug|iPhoneSimulator.Build.0 = Debug|Any CPU
		{E486C5F2-D7C8-40D4-9602-49DB3A026782}.Release|Any CPU.ActiveCfg = Release|Any CPU
		{E486C5F2-D7C8-40D4-9602-49DB3A026782}.Release|Any CPU.Build.0 = Release|Any CPU
		{E486C5F2-D7C8-40D4-9602-49DB3A026782}.Release|iPhone.ActiveCfg = Release|Any CPU
		{E486C5F2-D7C8-40D4-9602-49DB3A026782}.Release|iPhone.Build.0 = Release|Any CPU
		{E486C5F2-D7C8-40D4-9602-49DB3A026782}.Release|iPhoneSimulator.ActiveCfg = Release|Any CPU
		{E486C5F2-D7C8-40D4-9602-49DB3A026782}.Release|iPhoneSimulator.Build.0 = Release|Any CPU
		{682B8E05-FC34-47C8-8190-47A168DDCD38}.Debug|Any CPU.ActiveCfg = Debug|Any CPU
		{682B8E05-FC34-47C8-8190-47A168DDCD38}.Debug|Any CPU.Build.0 = Debug|Any CPU
		{682B8E05-FC34-47C8-8190-47A168DDCD38}.Debug|iPhone.ActiveCfg = Debug|Any CPU
		{682B8E05-FC34-47C8-8190-47A168DDCD38}.Debug|iPhone.Build.0 = Debug|Any CPU
		{682B8E05-FC34-47C8-8190-47A168DDCD38}.Debug|iPhoneSimulator.ActiveCfg = Debug|Any CPU
		{682B8E05-FC34-47C8-8190-47A168DDCD38}.Debug|iPhoneSimulator.Build.0 = Debug|Any CPU
		{682B8E05-FC34-47C8-8190-47A168DDCD38}.Release|Any CPU.ActiveCfg = Release|Any CPU
		{682B8E05-FC34-47C8-8190-47A168DDCD38}.Release|Any CPU.Build.0 = Release|Any CPU
		{682B8E05-FC34-47C8-8190-47A168DDCD38}.Release|iPhone.ActiveCfg = Release|Any CPU
		{682B8E05-FC34-47C8-8190-47A168DDCD38}.Release|iPhone.Build.0 = Release|Any CPU
		{682B8E05-FC34-47C8-8190-47A168DDCD38}.Release|iPhoneSimulator.ActiveCfg = Release|Any CPU
		{682B8E05-FC34-47C8-8190-47A168DDCD38}.Release|iPhoneSimulator.Build.0 = Release|Any CPU
	EndGlobalSection
	GlobalSection(SolutionProperties) = preSolution
		HideSolutionNode = FALSE
	EndGlobalSection
	GlobalSection(NestedProjects) = preSolution
		{7E283137-8285-4F5D-88A3-D4BB9A6997C3} = {1A63AAE3-55F5-4E76-A082-0AC90C739BD1}
		{DEE5DD6B-CFD6-44ED-BB94-7812C7E2957E} = {1A63AAE3-55F5-4E76-A082-0AC90C739BD1}
		{E486C5F2-D7C8-40D4-9602-49DB3A026782} = {1A63AAE3-55F5-4E76-A082-0AC90C739BD1}
		{682B8E05-FC34-47C8-8190-47A168DDCD38} = {1A63AAE3-55F5-4E76-A082-0AC90C739BD1}
	EndGlobalSection
	GlobalSection(ExtensibilityGlobals) = postSolution
		SolutionGuid = {FD2BF53F-21E5-47AE-8E0D-CE915FCF64EE}
	EndGlobalSection
EndGlobal
